
Microsoft Visual Studio Solution File, Format Version 12.00
# Visual Studio 15
VisualStudioVersion = 15.0.28307.106
MinimumVisualStudioVersion = 10.0.40219.1
Project("{8BC9CEB8-8B4A-11D0-8D11-00A0C91BC942}") = "RayTracedGGX", "RayTracedGGX\RayTracedGGX.vcxproj", "{12876612-F1E8-4F22-86F7-699505458AF8}"
	ProjectSection(ProjectDependencies) = postProject
		{4BE280A6-1066-41CA-ACDD-6BB7E532508B} = {4BE280A6-1066-41CA-ACDD-6BB7E532508B}
	EndProjectSection
EndProject
Project("{8BC9CEB8-8B4A-11D0-8D11-00A0C91BC942}") = "FallbackLayer", "D3D12RaytracingFallback\src\FallbackLayer.vcxproj", "{4BE280A6-1066-41CA-ACDD-6BB7E532508B}"
EndProject
Global
	GlobalSection(SolutionConfigurationPlatforms) = preSolution
		Debug|x64 = Debug|x64
		Release|x64 = Release|x64
	EndGlobalSection
	GlobalSection(ProjectConfigurationPlatforms) = postSolution
		{12876612-F1E8-4F22-86F7-699505458AF8}.Debug|x64.ActiveCfg = Debug|x64
		{12876612-F1E8-4F22-86F7-699505458AF8}.Debug|x64.Build.0 = Debug|x64
		{12876612-F1E8-4F22-86F7-699505458AF8}.Release|x64.ActiveCfg = Release|x64
		{12876612-F1E8-4F22-86F7-699505458AF8}.Release|x64.Build.0 = Release|x64
		{4BE280A6-1066-41CA-ACDD-6BB7E532508B}.Debug|x64.ActiveCfg = Debug|x64
		{4BE280A6-1066-41CA-ACDD-6BB7E532508B}.Debug|x64.Build.0 = Debug|x64
		{4BE280A6-1066-41CA-ACDD-6BB7E532508B}.Release|x64.ActiveCfg = Release|x64
		{4BE280A6-1066-41CA-ACDD-6BB7E532508B}.Release|x64.Build.0 = Release|x64
	EndGlobalSection
	GlobalSection(SolutionProperties) = preSolution
		HideSolutionNode = FALSE
	EndGlobalSection
	GlobalSection(ExtensibilityGlobals) = postSolution
		SolutionGuid = {F680BF24-7B0B-4E9C-8581-FAC1E0D1D622}
	EndGlobalSection
EndGlobal
